
Microsoft Visual Studio Solution File, Format Version 12.00
# Visual Studio Version 17
VisualStudioVersion = 17.14.36623.8
MinimumVisualStudioVersion = 10.0.40219.1
Project("{FAE04EC0-301F-11D3-BF4B-00C04F79EFBC}") = "ServiceTemplate.Host", "ServiceTemplate.Host\ServiceTemplate.Host.csproj", "{ABD4509E-C7A5-1644-30A3-9CCA84EAF94E}"
EndProject
Project("{FAE04EC0-301F-11D3-BF4B-00C04F79EFBC}") = "ServiceTemplate.Business", "ServiceTemplate.Business\ServiceTemplate.Business.csproj", "{BD19A7AA-B323-4150-4339-040E933281DF}"
EndProject
Project("{FAE04EC0-301F-11D3-BF4B-00C04F79EFBC}") = "ServiceTemplate.Library", "ServiceTemplate.Library\ServiceTemplate.Library.csproj", "{D8CCFE58-681A-1B59-3935-F28649A2C5AE}"
EndProject
Global
	GlobalSection(SolutionConfigurationPlatforms) = preSolution
		Debug|Any CPU = Debug|Any CPU
		Release|Any CPU = Release|Any CPU
	EndGlobalSection
	GlobalSection(ProjectConfigurationPlatforms) = postSolution
		{ABD4509E-C7A5-1644-30A3-9CCA84EAF94E}.Debug|Any CPU.ActiveCfg = Debug|Any CPU
		{ABD4509E-C7A5-1644-30A3-9CCA84EAF94E}.Debug|Any CPU.Build.0 = Debug|Any CPU
		{ABD4509E-C7A5-1644-30A3-9CCA84EAF94E}.Release|Any CPU.ActiveCfg = Release|Any CPU
		{ABD4509E-C7A5-1644-30A3-9CCA84EAF94E}.Release|Any CPU.Build.0 = Release|Any CPU
		{BD19A7AA-B323-4150-4339-040E933281DF}.Debug|Any CPU.ActiveCfg = Debug|Any CPU
		{BD19A7AA-B323-4150-4339-040E933281DF}.Debug|Any CPU.Build.0 = Debug|Any CPU
		{BD19A7AA-B323-4150-4339-040E933281DF}.Release|Any CPU.ActiveCfg = Release|Any CPU
		{BD19A7AA-B323-4150-4339-040E933281DF}.Release|Any CPU.Build.0 = Release|Any CPU
		{D8CCFE58-681A-1B59-3935-F28649A2C5AE}.Debug|Any CPU.ActiveCfg = Debug|Any CPU
		{D8CCFE58-681A-1B59-3935-F28649A2C5AE}.Debug|Any CPU.Build.0 = Debug|Any CPU
		{D8CCFE58-681A-1B59-3935-F28649A2C5AE}.Release|Any CPU.ActiveCfg = Release|Any CPU
		{D8CCFE58-681A-1B59-3935-F28649A2C5AE}.Release|Any CPU.Build.0 = Release|Any CPU
	EndGlobalSection
	GlobalSection(SolutionProperties) = preSolution
		HideSolutionNode = FALSE
	EndGlobalSection
	GlobalSection(ExtensibilityGlobals) = postSolution
		SolutionGuid = {55828EAB-700D-4762-8E6F-2E86417B8AF3}
	EndGlobalSection
EndGlobal
